{
  "name": "js-buch",
  "version": "1.0.0",
  "lockfileVersion": 3,
  "requires": true,
  "packages": {
    "": {
      "name": "js-buch",
      "version": "1.0.0",
      "license": "ISC",
      "dependencies": {
        "ollama": "^0.5.17"
      }
    },
    "node_modules/ollama": {
      "version": "0.5.17",
      "resolved": "https://registry.npmjs.org/ollama/-/ollama-0.5.17.tgz",
      "integrity": "sha512-q5LmPtk6GLFouS+3aURIVl+qcAOPC4+Msmx7uBb3pd+fxI55WnGjmLZ0yijI/CYy79x0QPGx3BwC3u5zv9fBvQ==",
      "license": "MIT",
      "dependencies": {
        "whatwg-fetch": "^3.6.20"
      }
    },
    "node_modules/whatwg-fetch": {
      "version": "3.6.20",
      "resolved": "https://registry.npmjs.org/whatwg-fetch/-/whatwg-fetch-3.6.20.tgz",
      "integrity": "sha512-EqhiFU6daOA8kpjOWTL0olhVOF3i7OrFzSYiGsEMB8GcXS+RrzauAERX65xMeNWVqxA6HXH2m69Z9LaKKdisfg==",
      "license": "MIT"
    }
  }
}
